
Microsoft Visual Studio Solution File, Format Version 12.00
# Visual Studio Version 16
VisualStudioVersion = 16.0.31605.320
MinimumVisualStudioVersion = 10.0.40219.1
Project("{FAE04EC0-301F-11D3-BF4B-00C04F79EFBC}") = "Calculadora", "Calculadora.csproj", "{4A0C3A27-3A08-459F-929E-1C2A1A4F6BB1}"
EndProject
Global
	GlobalSection(SolutionConfigurationPlatforms) = preSolution
		Debug|Any CPU = Debug|Any CPU
		Release|Any CPU = Release|Any CPU
	EndGlobalSection
	GlobalSection(ProjectConfigurationPlatforms) = postSolution
		{4A0C3A27-3A08-459F-929E-1C2A1A4F6BB1}.Debug|Any CPU.ActiveCfg = Debug|Any CPU
		{4A0C3A27-3A08-459F-929E-1C2A1A4F6BB1}.Debug|Any CPU.Build.0 = Debug|Any CPU
		{4A0C3A27-3A08-459F-929E-1C2A1A4F6BB1}.Release|Any CPU.ActiveCfg = Release|Any CPU
		{4A0C3A27-3A08-459F-929E-1C2A1A4F6BB1}.Release|Any CPU.Build.0 = Release|Any CPU
	EndGlobalSection
	GlobalSection(SolutionProperties) = preSolution
		HideSolutionNode = FALSE
	EndGlobalSection
	GlobalSection(ExtensibilityGlobals) = postSolution
		SolutionGuid = {B8728E5E-9F8A-4A34-BA52-2F1C4D8386B5}
	EndGlobalSection
EndGlobal
